// !$*UTF8*$!
{
	archiveVersion = 1;
	classes = {
	};
	objectVersion = 56;
	objects = {

/* Begin PBXBuildFile section */
		5CE224B12B1DED5A00B7A4D2 /* AppDelegate.swift in Sources */ = {isa = PBXBuildFile; fileRef = 5CE224B02B1DED5A00B7A4D2 /* AppDelegate.swift */; };
		5CE224B32B1DED5A00B7A4D2 /* SceneDelegate.swift in Sources */ = {isa = PBXBuildFile; fileRef = 5CE224B22B1DED5A00B7A4D2 /* SceneDelegate.swift */; };
		5CE224BA2B1DED5B00B7A4D2 /* Assets.xcassets in Resources */ = {isa = PBXBuildFile; fileRef = 5CE224B92B1DED5B00B7A4D2 /* Assets.xcassets */; };
		5CE224BD2B1DED5B00B7A4D2 /* LaunchScreen.storyboard in Resources */ = {isa = PBXBuildFile; fileRef = 5CE224BB2B1DED5B00B7A4D2 /* LaunchScreen.storyboard */; };
		5CE224CA2B1DEE1F00B7A4D2 /* EnterViewController.swift in Sources */ = {isa = PBXBuildFile; fileRef = 5CE224C92B1DEE1F00B7A4D2 /* EnterViewController.swift */; };
		5CE224CC2B1DEE2B00B7A4D2 /* EnterViewPresenter.swift in Sources */ = {isa = PBXBuildFile; fileRef = 5CE224CB2B1DEE2B00B7A4D2 /* EnterViewPresenter.swift */; };
		5CE224D02B1DF01800B7A4D2 /* Kit.swift in Sources */ = {isa = PBXBuildFile; fileRef = 5CE224CF2B1DF01800B7A4D2 /* Kit.swift */; };
		D00A548D2BC9617500F686F5 /* LogInViewController.swift in Sources */ = {isa = PBXBuildFile; fileRef = D00A548C2BC9617500F686F5 /* LogInViewController.swift */; };
		D00A548F2BC961BB00F686F5 /* LogInViewPresenter.swift in Sources */ = {isa = PBXBuildFile; fileRef = D00A548E2BC961BB00F686F5 /* LogInViewPresenter.swift */; };
		D00A54942BC96FFB00F686F5 /* LogInPasswordViewController.swift in Sources */ = {isa = PBXBuildFile; fileRef = D00A54932BC96FFB00F686F5 /* LogInPasswordViewController.swift */; };
		D00A54962BC9701A00F686F5 /* LogInPasswordViewPresenter.swift in Sources */ = {isa = PBXBuildFile; fileRef = D00A54952BC9701A00F686F5 /* LogInPasswordViewPresenter.swift */; };
		D00A54992BCA5DEE00F686F5 /* GetCodeViewController.swift in Sources */ = {isa = PBXBuildFile; fileRef = D00A54982BCA5DEE00F686F5 /* GetCodeViewController.swift */; };
		D00A549B2BCA5E1800F686F5 /* GetCodeViewPresenter.swift in Sources */ = {isa = PBXBuildFile; fileRef = D00A549A2BCA5E1800F686F5 /* GetCodeViewPresenter.swift */; };
		D00A54A72BCECFEF00F686F5 /* AccountCreatedViewController.swift in Sources */ = {isa = PBXBuildFile; fileRef = D00A54A62BCECFEF00F686F5 /* AccountCreatedViewController.swift */; };
		D00A54A92BCED02400F686F5 /* AccountCreatedViewPresenter.swift in Sources */ = {isa = PBXBuildFile; fileRef = D00A54A82BCED02400F686F5 /* AccountCreatedViewPresenter.swift */; };
		D030A5092B20A91F0064F2FF /* RegisterViewController.swift in Sources */ = {isa = PBXBuildFile; fileRef = D030A5082B20A91F0064F2FF /* RegisterViewController.swift */; };
		D030A50B2B20A9350064F2FF /* RegisterViewPresenter.swift in Sources */ = {isa = PBXBuildFile; fileRef = D030A50A2B20A9350064F2FF /* RegisterViewPresenter.swift */; };
		D03571DC2BD91C0600E5730F /* SFProRounded-Bold.otf in Resources */ = {isa = PBXBuildFile; fileRef = D03571D82BD91C0600E5730F /* SFProRounded-Bold.otf */; };
		D03571DD2BD91C0600E5730F /* SFProRounded-Regular.otf in Resources */ = {isa = PBXBuildFile; fileRef = D03571D92BD91C0600E5730F /* SFProRounded-Regular.otf */; };
		D03571DE2BD91C0600E5730F /* SFProRounded-Semibold.otf in Resources */ = {isa = PBXBuildFile; fileRef = D03571DA2BD91C0600E5730F /* SFProRounded-Semibold.otf */; };
		D03571DF2BD91C0600E5730F /* SFProRounded-Medium.otf in Resources */ = {isa = PBXBuildFile; fileRef = D03571DB2BD91C0600E5730F /* SFProRounded-Medium.otf */; };
		D03571E22BD9578E00E5730F /* ForgotPasswordViewController.swift in Sources */ = {isa = PBXBuildFile; fileRef = D03571E12BD9578E00E5730F /* ForgotPasswordViewController.swift */; };
		D03571E42BD9579F00E5730F /* ForgotPasswordViewPresenter.swift in Sources */ = {isa = PBXBuildFile; fileRef = D03571E32BD9579F00E5730F /* ForgotPasswordViewPresenter.swift */; };
		D03571E72BD961AA00E5730F /* EnterNewPasswordViewController.swift in Sources */ = {isa = PBXBuildFile; fileRef = D03571E62BD961AA00E5730F /* EnterNewPasswordViewController.swift */; };
		D03571E92BD961C200E5730F /* EnterNewPasswordViewPresenter.swift in Sources */ = {isa = PBXBuildFile; fileRef = D03571E82BD961C200E5730F /* EnterNewPasswordViewPresenter.swift */; };
		D03571EC2BD96A6100E5730F /* PasswordChangedViewController.swift in Sources */ = {isa = PBXBuildFile; fileRef = D03571EB2BD96A6100E5730F /* PasswordChangedViewController.swift */; };
		D03571EE2BD96AA300E5730F /* PasswordChangedViewPresenter.swift in Sources */ = {isa = PBXBuildFile; fileRef = D03571ED2BD96AA300E5730F /* PasswordChangedViewPresenter.swift */; };
		D0AB021E2BC53B1D00540225 /* RegistrationPasswordViewController.swift in Sources */ = {isa = PBXBuildFile; fileRef = D0AB021D2BC53B1D00540225 /* RegistrationPasswordViewController.swift */; };
		D0AB02202BC53B3C00540225 /* RegistrationPaswordViewPresenter.swift in Sources */ = {isa = PBXBuildFile; fileRef = D0AB021F2BC53B3C00540225 /* RegistrationPaswordViewPresenter.swift */; };
		FBC595C6263389DCF0576413 /* Pods_Hamroh.framework in Frameworks */ = {isa = PBXBuildFile; fileRef = A558DB7D194440BD73ADF9DD /* Pods_Hamroh.framework */; };
/* End PBXBuildFile section */

/* Begin PBXFileReference section */
		5CE224AD2B1DED5A00B7A4D2 /* Hamroh.app */ = {isa = PBXFileReference; explicitFileType = wrapper.application; includeInIndex = 0; path = Hamroh.app; sourceTree = BUILT_PRODUCTS_DIR; };
		5CE224B02B1DED5A00B7A4D2 /* AppDelegate.swift */ = {isa = PBXFileReference; lastKnownFileType = sourcecode.swift; path = AppDelegate.swift; sourceTree = "<group>"; };
		5CE224B22B1DED5A00B7A4D2 /* SceneDelegate.swift */ = {isa = PBXFileReference; lastKnownFileType = sourcecode.swift; path = SceneDelegate.swift; sourceTree = "<group>"; };
		5CE224B92B1DED5B00B7A4D2 /* Assets.xcassets */ = {isa = PBXFileReference; lastKnownFileType = folder.assetcatalog; path = Assets.xcassets; sourceTree = "<group>"; };
		5CE224BC2B1DED5B00B7A4D2 /* Base */ = {isa = PBXFileReference; lastKnownFileType = file.storyboard; name = Base; path = Base.lproj/LaunchScreen.storyboard; sourceTree = "<group>"; };
		5CE224BE2B1DED5B00B7A4D2 /* Info.plist */ = {isa = PBXFileReference; lastKnownFileType = text.plist.xml; path = Info.plist; sourceTree = "<group>"; };
		5CE224C92B1DEE1F00B7A4D2 /* EnterViewController.swift */ = {isa = PBXFileReference; lastKnownFileType = sourcecode.swift; path = EnterViewController.swift; sourceTree = "<group>"; };
		5CE224CB2B1DEE2B00B7A4D2 /* EnterViewPresenter.swift */ = {isa = PBXFileReference; lastKnownFileType = sourcecode.swift; path = EnterViewPresenter.swift; sourceTree = "<group>"; };
		5CE224CF2B1DF01800B7A4D2 /* Kit.swift */ = {isa = PBXFileReference; lastKnownFileType = sourcecode.swift; path = Kit.swift; sourceTree = "<group>"; };
		A558DB7D194440BD73ADF9DD /* Pods_Hamroh.framework */ = {isa = PBXFileReference; explicitFileType = wrapper.framework; includeInIndex = 0; path = Pods_Hamroh.framework; sourceTree = BUILT_PRODUCTS_DIR; };
		BBA861956F5451D12E04338C /* Pods-Hamroh.debug.xcconfig */ = {isa = PBXFileReference; includeInIndex = 1; lastKnownFileType = text.xcconfig; name = "Pods-Hamroh.debug.xcconfig"; path = "Target Support Files/Pods-Hamroh/Pods-Hamroh.debug.xcconfig"; sourceTree = "<group>"; };
		D00A548C2BC9617500F686F5 /* LogInViewController.swift */ = {isa = PBXFileReference; lastKnownFileType = sourcecode.swift; path = LogInViewController.swift; sourceTree = "<group>"; };
		D00A548E2BC961BB00F686F5 /* LogInViewPresenter.swift */ = {isa = PBXFileReference; lastKnownFileType = sourcecode.swift; path = LogInViewPresenter.swift; sourceTree = "<group>"; };
		D00A54932BC96FFB00F686F5 /* LogInPasswordViewController.swift */ = {isa = PBXFileReference; lastKnownFileType = sourcecode.swift; path = LogInPasswordViewController.swift; sourceTree = "<group>"; };
		D00A54952BC9701A00F686F5 /* LogInPasswordViewPresenter.swift */ = {isa = PBXFileReference; lastKnownFileType = sourcecode.swift; path = LogInPasswordViewPresenter.swift; sourceTree = "<group>"; };
		D00A54982BCA5DEE00F686F5 /* GetCodeViewController.swift */ = {isa = PBXFileReference; lastKnownFileType = sourcecode.swift; path = GetCodeViewController.swift; sourceTree = "<group>"; };
		D00A549A2BCA5E1800F686F5 /* GetCodeViewPresenter.swift */ = {isa = PBXFileReference; lastKnownFileType = sourcecode.swift; path = GetCodeViewPresenter.swift; sourceTree = "<group>"; };
		D00A54A62BCECFEF00F686F5 /* AccountCreatedViewController.swift */ = {isa = PBXFileReference; lastKnownFileType = sourcecode.swift; path = AccountCreatedViewController.swift; sourceTree = "<group>"; };
		D00A54A82BCED02400F686F5 /* AccountCreatedViewPresenter.swift */ = {isa = PBXFileReference; lastKnownFileType = sourcecode.swift; path = AccountCreatedViewPresenter.swift; sourceTree = "<group>"; };
		D030A5082B20A91F0064F2FF /* RegisterViewController.swift */ = {isa = PBXFileReference; lastKnownFileType = sourcecode.swift; path = RegisterViewController.swift; sourceTree = "<group>"; };
		D030A50A2B20A9350064F2FF /* RegisterViewPresenter.swift */ = {isa = PBXFileReference; lastKnownFileType = sourcecode.swift; path = RegisterViewPresenter.swift; sourceTree = "<group>"; };
		D03571D82BD91C0600E5730F /* SFProRounded-Bold.otf */ = {isa = PBXFileReference; lastKnownFileType = file; name = "SFProRounded-Bold.otf"; path = "../../../../../../../Library/Mobile Documents/.Trash/SFProRounded-Bold.otf"; sourceTree = "<group>"; };
		D03571D92BD91C0600E5730F /* SFProRounded-Regular.otf */ = {isa = PBXFileReference; lastKnownFileType = file; name = "SFProRounded-Regular.otf"; path = "../../../../../../../Library/Mobile Documents/.Trash/SFProRounded-Regular.otf"; sourceTree = "<group>"; };
		D03571DA2BD91C0600E5730F /* SFProRounded-Semibold.otf */ = {isa = PBXFileReference; lastKnownFileType = file; name = "SFProRounded-Semibold.otf"; path = "../../../../../../../Library/Mobile Documents/.Trash/SFProRounded-Semibold.otf"; sourceTree = "<group>"; };
		D03571DB2BD91C0600E5730F /* SFProRounded-Medium.otf */ = {isa = PBXFileReference; lastKnownFileType = file; name = "SFProRounded-Medium.otf"; path = "../../../../../../../Library/Mobile Documents/.Trash/SFProRounded-Medium.otf"; sourceTree = "<group>"; };
		D03571E12BD9578E00E5730F /* ForgotPasswordViewController.swift */ = {isa = PBXFileReference; lastKnownFileType = sourcecode.swift; path = ForgotPasswordViewController.swift; sourceTree = "<group>"; };
		D03571E32BD9579F00E5730F /* ForgotPasswordViewPresenter.swift */ = {isa = PBXFileReference; lastKnownFileType = sourcecode.swift; path = ForgotPasswordViewPresenter.swift; sourceTree = "<group>"; };
		D03571E62BD961AA00E5730F /* EnterNewPasswordViewController.swift */ = {isa = PBXFileReference; lastKnownFileType = sourcecode.swift; path = EnterNewPasswordViewController.swift; sourceTree = "<group>"; };
		D03571E82BD961C200E5730F /* EnterNewPasswordViewPresenter.swift */ = {isa = PBXFileReference; lastKnownFileType = sourcecode.swift; path = EnterNewPasswordViewPresenter.swift; sourceTree = "<group>"; };
		D03571EB2BD96A6100E5730F /* PasswordChangedViewController.swift */ = {isa = PBXFileReference; lastKnownFileType = sourcecode.swift; path = PasswordChangedViewController.swift; sourceTree = "<group>"; };
		D03571ED2BD96AA300E5730F /* PasswordChangedViewPresenter.swift */ = {isa = PBXFileReference; lastKnownFileType = sourcecode.swift; path = PasswordChangedViewPresenter.swift; sourceTree = "<group>"; };
		D0AB021D2BC53B1D00540225 /* RegistrationPasswordViewController.swift */ = {isa = PBXFileReference; lastKnownFileType = sourcecode.swift; path = RegistrationPasswordViewController.swift; sourceTree = "<group>"; };
		D0AB021F2BC53B3C00540225 /* RegistrationPaswordViewPresenter.swift */ = {isa = PBXFileReference; lastKnownFileType = sourcecode.swift; path = RegistrationPaswordViewPresenter.swift; sourceTree = "<group>"; };
		E5C1B38F439618CE00ACC62E /* Pods-Hamroh.release.xcconfig */ = {isa = PBXFileReference; includeInIndex = 1; lastKnownFileType = text.xcconfig; name = "Pods-Hamroh.release.xcconfig"; path = "Target Support Files/Pods-Hamroh/Pods-Hamroh.release.xcconfig"; sourceTree = "<group>"; };
/* End PBXFileReference section */

/* Begin PBXFrameworksBuildPhase section */
		5CE224AA2B1DED5A00B7A4D2 /* Frameworks */ = {
			isa = PBXFrameworksBuildPhase;
			buildActionMask = 2147483647;
			files = (
				FBC595C6263389DCF0576413 /* Pods_Hamroh.framework in Frameworks */,
			);
			runOnlyForDeploymentPostprocessing = 0;
		};
/* End PBXFrameworksBuildPhase section */

/* Begin PBXGroup section */
		5CB70E322BC5AD990093E0E1 /* Screens */ = {
			isa = PBXGroup;
			children = (
				5CE224C42B1DEDD500B7A4D2 /* Enter */,
			);
			path = Screens;
			sourceTree = "<group>";
		};
		5CE224A42B1DED5A00B7A4D2 = {
			isa = PBXGroup;
			children = (
				5CE224AF2B1DED5A00B7A4D2 /* Hamroh */,
				5CE224AE2B1DED5A00B7A4D2 /* Products */,
				9A428AE510140B0F69692C06 /* Pods */,
				F16E81A5F71BF3D351A02A9E /* Frameworks */,
			);
			sourceTree = "<group>";
		};
		5CE224AE2B1DED5A00B7A4D2 /* Products */ = {
			isa = PBXGroup;
			children = (
				5CE224AD2B1DED5A00B7A4D2 /* Hamroh.app */,
			);
			name = Products;
			sourceTree = "<group>";
		};
		5CE224AF2B1DED5A00B7A4D2 /* Hamroh */ = {
			isa = PBXGroup;
			children = (
				5CB70E322BC5AD990093E0E1 /* Screens */,
				5CE224CD2B1DEE3700B7A4D2 /* LowLevel */,
				5CE224CE2B1DF00B00B7A4D2 /* Beauty */,
				5CE224BE2B1DED5B00B7A4D2 /* Info.plist */,
			);
			path = Hamroh;
			sourceTree = "<group>";
		};
		5CE224C42B1DEDD500B7A4D2 /* Enter */ = {
			isa = PBXGroup;
			children = (
				5CE224C52B1DEDE800B7A4D2 /* EnterScreen */,
				D030A5072B20A9020064F2FF /* Registration */,
				D0AB021C2BC53AF600540225 /* RegistrationPassword */,
				D00A548B2BC9613300F686F5 /* LogIn */,
				D00A54922BC96FE100F686F5 /* LogInPassword */,
				D00A54972BCA5DC800F686F5 /* GetCode */,
				D00A54A52BCECF9D00F686F5 /* AccountCreated  */,
				D03571E02BD9568B00E5730F /* ForgotPassword */,
				D03571E52BD9617600E5730F /* EnterNewPassword */,
				D03571EA2BD96A3D00E5730F /* PasswordChanged */,
			);
			path = Enter;
			sourceTree = "<group>";
		};
		5CE224C52B1DEDE800B7A4D2 /* EnterScreen */ = {
			isa = PBXGroup;
			children = (
				5CE224C92B1DEE1F00B7A4D2 /* EnterViewController.swift */,
				5CE224CB2B1DEE2B00B7A4D2 /* EnterViewPresenter.swift */,
			);
			path = EnterScreen;
			sourceTree = "<group>";
		};
		5CE224CD2B1DEE3700B7A4D2 /* LowLevel */ = {
			isa = PBXGroup;
			children = (
				5CE224B22B1DED5A00B7A4D2 /* SceneDelegate.swift */,
				5CE224B02B1DED5A00B7A4D2 /* AppDelegate.swift */,
			);
			path = LowLevel;
			sourceTree = "<group>";
		};
		5CE224CE2B1DF00B00B7A4D2 /* Beauty */ = {
			isa = PBXGroup;
			children = (
				D00A549C2BCAAD1100F686F5 /* FontsMain */,
				5CE224BB2B1DED5B00B7A4D2 /* LaunchScreen.storyboard */,
				5CE224B92B1DED5B00B7A4D2 /* Assets.xcassets */,
				5CE224CF2B1DF01800B7A4D2 /* Kit.swift */,
			);
			path = Beauty;
			sourceTree = "<group>";
		};
		9A428AE510140B0F69692C06 /* Pods */ = {
			isa = PBXGroup;
			children = (
				BBA861956F5451D12E04338C /* Pods-Hamroh.debug.xcconfig */,
				E5C1B38F439618CE00ACC62E /* Pods-Hamroh.release.xcconfig */,
			);
			path = Pods;
			sourceTree = "<group>";
		};
		D00A548B2BC9613300F686F5 /* LogIn */ = {
			isa = PBXGroup;
			children = (
				D00A548C2BC9617500F686F5 /* LogInViewController.swift */,
				D00A548E2BC961BB00F686F5 /* LogInViewPresenter.swift */,
			);
			path = LogIn;
			sourceTree = "<group>";
		};
		D00A54922BC96FE100F686F5 /* LogInPassword */ = {
			isa = PBXGroup;
			children = (
				D00A54932BC96FFB00F686F5 /* LogInPasswordViewController.swift */,
				D00A54952BC9701A00F686F5 /* LogInPasswordViewPresenter.swift */,
			);
			path = LogInPassword;
			sourceTree = "<group>";
		};
		D00A54972BCA5DC800F686F5 /* GetCode */ = {
			isa = PBXGroup;
			children = (
				D00A54982BCA5DEE00F686F5 /* GetCodeViewController.swift */,
				D00A549A2BCA5E1800F686F5 /* GetCodeViewPresenter.swift */,
			);
			path = GetCode;
			sourceTree = "<group>";
		};
		D00A549C2BCAAD1100F686F5 /* FontsMain */ = {
			isa = PBXGroup;
			children = (
				D03571D82BD91C0600E5730F /* SFProRounded-Bold.otf */,
				D03571DB2BD91C0600E5730F /* SFProRounded-Medium.otf */,
				D03571D92BD91C0600E5730F /* SFProRounded-Regular.otf */,
				D03571DA2BD91C0600E5730F /* SFProRounded-Semibold.otf */,
			);
			path = FontsMain;
			sourceTree = "<group>";
		};
		D00A54A52BCECF9D00F686F5 /* AccountCreated  */ = {
			isa = PBXGroup;
			children = (
				D00A54A62BCECFEF00F686F5 /* AccountCreatedViewController.swift */,
				D00A54A82BCED02400F686F5 /* AccountCreatedViewPresenter.swift */,
			);
			path = "AccountCreated ";
			sourceTree = "<group>";
		};
		D030A5072B20A9020064F2FF /* Registration */ = {
			isa = PBXGroup;
			children = (
				D030A5082B20A91F0064F2FF /* RegisterViewController.swift */,
				D030A50A2B20A9350064F2FF /* RegisterViewPresenter.swift */,
			);
			path = Registration;
			sourceTree = "<group>";
		};
		D03571E02BD9568B00E5730F /* ForgotPassword */ = {
			isa = PBXGroup;
			children = (
				D03571E12BD9578E00E5730F /* ForgotPasswordViewController.swift */,
				D03571E32BD9579F00E5730F /* ForgotPasswordViewPresenter.swift */,
			);
			path = ForgotPassword;
			sourceTree = "<group>";
		};
		D03571E52BD9617600E5730F /* EnterNewPassword */ = {
			isa = PBXGroup;
			children = (
				D03571E62BD961AA00E5730F /* EnterNewPasswordViewController.swift */,
				D03571E82BD961C200E5730F /* EnterNewPasswordViewPresenter.swift */,
			);
			path = EnterNewPassword;
			sourceTree = "<group>";
		};
		D03571EA2BD96A3D00E5730F /* PasswordChanged */ = {
			isa = PBXGroup;
			children = (
				D03571EB2BD96A6100E5730F /* PasswordChangedViewController.swift */,
				D03571ED2BD96AA300E5730F /* PasswordChangedViewPresenter.swift */,
			);
			path = PasswordChanged;
			sourceTree = "<group>";
		};
		D0AB021C2BC53AF600540225 /* RegistrationPassword */ = {
			isa = PBXGroup;
			children = (
				D0AB021D2BC53B1D00540225 /* RegistrationPasswordViewController.swift */,
				D0AB021F2BC53B3C00540225 /* RegistrationPaswordViewPresenter.swift */,
			);
			path = RegistrationPassword;
			sourceTree = "<group>";
		};
		F16E81A5F71BF3D351A02A9E /* Frameworks */ = {
			isa = PBXGroup;
			children = (
				A558DB7D194440BD73ADF9DD /* Pods_Hamroh.framework */,
			);
			name = Frameworks;
			sourceTree = "<group>";
		};
/* End PBXGroup section */

/* Begin PBXNativeTarget section */
		5CE224AC2B1DED5A00B7A4D2 /* Hamroh */ = {
			isa = PBXNativeTarget;
			buildConfigurationList = 5CE224C12B1DED5B00B7A4D2 /* Build configuration list for PBXNativeTarget "Hamroh" */;
			buildPhases = (
				9C4D474AD031FBF0A1B8B242 /* [CP] Check Pods Manifest.lock */,
				5CE224A92B1DED5A00B7A4D2 /* Sources */,
				5CE224AA2B1DED5A00B7A4D2 /* Frameworks */,
				5CE224AB2B1DED5A00B7A4D2 /* Resources */,
			);
			buildRules = (
			);
			dependencies = (
			);
			name = Hamroh;
			productName = Hamroh;
			productReference = 5CE224AD2B1DED5A00B7A4D2 /* Hamroh.app */;
			productType = "com.apple.product-type.application";
		};
/* End PBXNativeTarget section */

/* Begin PBXProject section */
		5CE224A52B1DED5A00B7A4D2 /* Project object */ = {
			isa = PBXProject;
			attributes = {
				BuildIndependentTargetsInParallel = 1;
				LastSwiftUpdateCheck = 1500;
				LastUpgradeCheck = 1500;
				TargetAttributes = {
					5CE224AC2B1DED5A00B7A4D2 = {
						CreatedOnToolsVersion = 15.0.1;
					};
				};
			};
			buildConfigurationList = 5CE224A82B1DED5A00B7A4D2 /* Build configuration list for PBXProject "Hamroh" */;
			compatibilityVersion = "Xcode 14.0";
			developmentRegion = en;
			hasScannedForEncodings = 0;
			knownRegions = (
				en,
				Base,
			);
			mainGroup = 5CE224A42B1DED5A00B7A4D2;
			productRefGroup = 5CE224AE2B1DED5A00B7A4D2 /* Products */;
			projectDirPath = "";
			projectRoot = "";
			targets = (
				5CE224AC2B1DED5A00B7A4D2 /* Hamroh */,
			);
		};
/* End PBXProject section */

/* Begin PBXResourcesBuildPhase section */
		5CE224AB2B1DED5A00B7A4D2 /* Resources */ = {
			isa = PBXResourcesBuildPhase;
			buildActionMask = 2147483647;
			files = (
				D03571DC2BD91C0600E5730F /* SFProRounded-Bold.otf in Resources */,
				D03571DD2BD91C0600E5730F /* SFProRounded-Regular.otf in Resources */,
				5CE224BD2B1DED5B00B7A4D2 /* LaunchScreen.storyboard in Resources */,
				D03571DF2BD91C0600E5730F /* SFProRounded-Medium.otf in Resources */,
				5CE224BA2B1DED5B00B7A4D2 /* Assets.xcassets in Resources */,
				D03571DE2BD91C0600E5730F /* SFProRounded-Semibold.otf in Resources */,
			);
			runOnlyForDeploymentPostprocessing = 0;
		};
/* End PBXResourcesBuildPhase section */

/* Begin PBXShellScriptBuildPhase section */
		9C4D474AD031FBF0A1B8B242 /* [CP] Check Pods Manifest.lock */ = {
			isa = PBXShellScriptBuildPhase;
			buildActionMask = 2147483647;
			files = (
			);
			inputFileListPaths = (
			);
			inputPaths = (
				"${PODS_PODFILE_DIR_PATH}/Podfile.lock",
				"${PODS_ROOT}/Manifest.lock",
			);
			name = "[CP] Check Pods Manifest.lock";
			outputFileListPaths = (
			);
			outputPaths = (
				"$(DERIVED_FILE_DIR)/Pods-Hamroh-checkManifestLockResult.txt",
			);
			runOnlyForDeploymentPostprocessing = 0;
			shellPath = /bin/sh;
			shellScript = "diff \"${PODS_PODFILE_DIR_PATH}/Podfile.lock\" \"${PODS_ROOT}/Manifest.lock\" > /dev/null\nif [ $? != 0 ] ; then\n    # print error to STDERR\n    echo \"error: The sandbox is not in sync with the Podfile.lock. Run 'pod install' or update your CocoaPods installation.\" >&2\n    exit 1\nfi\n# This output is used by Xcode 'outputs' to avoid re-running this script phase.\necho \"SUCCESS\" > \"${SCRIPT_OUTPUT_FILE_0}\"\n";
			showEnvVarsInLog = 0;
		};
/* End PBXShellScriptBuildPhase section */

/* Begin PBXSourcesBuildPhase section */
		5CE224A92B1DED5A00B7A4D2 /* Sources */ = {
			isa = PBXSourcesBuildPhase;
			buildActionMask = 2147483647;
			files = (
				D03571EE2BD96AA300E5730F /* PasswordChangedViewPresenter.swift in Sources */,
				D00A549B2BCA5E1800F686F5 /* GetCodeViewPresenter.swift in Sources */,
				D00A54962BC9701A00F686F5 /* LogInPasswordViewPresenter.swift in Sources */,
				D03571EC2BD96A6100E5730F /* PasswordChangedViewController.swift in Sources */,
				D0AB02202BC53B3C00540225 /* RegistrationPaswordViewPresenter.swift in Sources */,
				D03571E92BD961C200E5730F /* EnterNewPasswordViewPresenter.swift in Sources */,
				D00A54942BC96FFB00F686F5 /* LogInPasswordViewController.swift in Sources */,
				5CE224CA2B1DEE1F00B7A4D2 /* EnterViewController.swift in Sources */,
				D03571E72BD961AA00E5730F /* EnterNewPasswordViewController.swift in Sources */,
				D00A54A72BCECFEF00F686F5 /* AccountCreatedViewController.swift in Sources */,
				5CE224D02B1DF01800B7A4D2 /* Kit.swift in Sources */,
				5CE224B12B1DED5A00B7A4D2 /* AppDelegate.swift in Sources */,
				D03571E42BD9579F00E5730F /* ForgotPasswordViewPresenter.swift in Sources */,
				D00A54992BCA5DEE00F686F5 /* GetCodeViewController.swift in Sources */,
				D00A54A92BCED02400F686F5 /* AccountCreatedViewPresenter.swift in Sources */,
				D00A548F2BC961BB00F686F5 /* LogInViewPresenter.swift in Sources */,
				D030A50B2B20A9350064F2FF /* RegisterViewPresenter.swift in Sources */,
				D0AB021E2BC53B1D00540225 /* RegistrationPasswordViewController.swift in Sources */,
				D030A5092B20A91F0064F2FF /* RegisterViewController.swift in Sources */,
				D03571E22BD9578E00E5730F /* ForgotPasswordViewController.swift in Sources */,
				5CE224B32B1DED5A00B7A4D2 /* SceneDelegate.swift in Sources */,
				D00A548D2BC9617500F686F5 /* LogInViewController.swift in Sources */,
				5CE224CC2B1DEE2B00B7A4D2 /* EnterViewPresenter.swift in Sources */,
			);
			runOnlyForDeploymentPostprocessing = 0;
		};
/* End PBXSourcesBuildPhase section */

/* Begin PBXVariantGroup section */
		5CE224BB2B1DED5B00B7A4D2 /* LaunchScreen.storyboard */ = {
			isa = PBXVariantGroup;
			children = (
				5CE224BC2B1DED5B00B7A4D2 /* Base */,
			);
			name = LaunchScreen.storyboard;
			sourceTree = "<group>";
		};
/* End PBXVariantGroup section */

/* Begin XCBuildConfiguration section */
		5CE224BF2B1DED5B00B7A4D2 /* Debug */ = {
			isa = XCBuildConfiguration;
			buildSettings = {
				ALWAYS_SEARCH_USER_PATHS = NO;
				ASSETCATALOG_COMPILER_GENERATE_SWIFT_ASSET_SYMBOL_EXTENSIONS = YES;
				CLANG_ANALYZER_NONNULL = YES;
				CLANG_ANALYZER_NUMBER_OBJECT_CONVERSION = YES_AGGRESSIVE;
				CLANG_CXX_LANGUAGE_STANDARD = "gnu++20";
				CLANG_ENABLE_MODULES = YES;
				CLANG_ENABLE_OBJC_ARC = YES;
				CLANG_ENABLE_OBJC_WEAK = YES;
				CLANG_WARN_BLOCK_CAPTURE_AUTORELEASING = YES;
				CLANG_WARN_BOOL_CONVERSION = YES;
				CLANG_WARN_COMMA = YES;
				CLANG_WARN_CONSTANT_CONVERSION = YES;
				CLANG_WARN_DEPRECATED_OBJC_IMPLEMENTATIONS = YES;
				CLANG_WARN_DIRECT_OBJC_ISA_USAGE = YES_ERROR;
				CLANG_WARN_DOCUMENTATION_COMMENTS = YES;
				CLANG_WARN_EMPTY_BODY = YES;
				CLANG_WARN_ENUM_CONVERSION = YES;
				CLANG_WARN_INFINITE_RECURSION = YES;
				CLANG_WARN_INT_CONVERSION = YES;
				CLANG_WARN_NON_LITERAL_NULL_CONVERSION = YES;
				CLANG_WARN_OBJC_IMPLICIT_RETAIN_SELF = YES;
				CLANG_WARN_OBJC_LITERAL_CONVERSION = YES;
				CLANG_WARN_OBJC_ROOT_CLASS = YES_ERROR;
				CLANG_WARN_QUOTED_INCLUDE_IN_FRAMEWORK_HEADER = YES;
				CLANG_WARN_RANGE_LOOP_ANALYSIS = YES;
				CLANG_WARN_STRICT_PROTOTYPES = YES;
				CLANG_WARN_SUSPICIOUS_MOVE = YES;
				CLANG_WARN_UNGUARDED_AVAILABILITY = YES_AGGRESSIVE;
				CLANG_WARN_UNREACHABLE_CODE = YES;
				CLANG_WARN__DUPLICATE_METHOD_MATCH = YES;
				COPY_PHASE_STRIP = NO;
				DEBUG_INFORMATION_FORMAT = dwarf;
				ENABLE_STRICT_OBJC_MSGSEND = YES;
				ENABLE_TESTABILITY = YES;
				ENABLE_USER_SCRIPT_SANDBOXING = YES;
				GCC_C_LANGUAGE_STANDARD = gnu17;
				GCC_DYNAMIC_NO_PIC = NO;
				GCC_NO_COMMON_BLOCKS = YES;
				GCC_OPTIMIZATION_LEVEL = 0;
				GCC_PREPROCESSOR_DEFINITIONS = (
					"DEBUG=1",
					"$(inherited)",
				);
				GCC_WARN_64_TO_32_BIT_CONVERSION = YES;
				GCC_WARN_ABOUT_RETURN_TYPE = YES_ERROR;
				GCC_WARN_UNDECLARED_SELECTOR = YES;
				GCC_WARN_UNINITIALIZED_AUTOS = YES_AGGRESSIVE;
				GCC_WARN_UNUSED_FUNCTION = YES;
				GCC_WARN_UNUSED_VARIABLE = YES;
				IPHONEOS_DEPLOYMENT_TARGET = 17.0;
				LOCALIZATION_PREFERS_STRING_CATALOGS = YES;
				MTL_ENABLE_DEBUG_INFO = INCLUDE_SOURCE;
				MTL_FAST_MATH = YES;
				ONLY_ACTIVE_ARCH = YES;
				SDKROOT = iphoneos;
				SWIFT_ACTIVE_COMPILATION_CONDITIONS = "DEBUG $(inherited)";
				SWIFT_OPTIMIZATION_LEVEL = "-Onone";
			};
			name = Debug;
		};
		5CE224C02B1DED5B00B7A4D2 /* Release */ = {
			isa = XCBuildConfiguration;
			buildSettings = {
				ALWAYS_SEARCH_USER_PATHS = NO;
				ASSETCATALOG_COMPILER_GENERATE_SWIFT_ASSET_SYMBOL_EXTENSIONS = YES;
				CLANG_ANALYZER_NONNULL = YES;
				CLANG_ANALYZER_NUMBER_OBJECT_CONVERSION = YES_AGGRESSIVE;
				CLANG_CXX_LANGUAGE_STANDARD = "gnu++20";
				CLANG_ENABLE_MODULES = YES;
				CLANG_ENABLE_OBJC_ARC = YES;
				CLANG_ENABLE_OBJC_WEAK = YES;
				CLANG_WARN_BLOCK_CAPTURE_AUTORELEASING = YES;
				CLANG_WARN_BOOL_CONVERSION = YES;
				CLANG_WARN_COMMA = YES;
				CLANG_WARN_CONSTANT_CONVERSION = YES;
				CLANG_WARN_DEPRECATED_OBJC_IMPLEMENTATIONS = YES;
				CLANG_WARN_DIRECT_OBJC_ISA_USAGE = YES_ERROR;
				CLANG_WARN_DOCUMENTATION_COMMENTS = YES;
				CLANG_WARN_EMPTY_BODY = YES;
				CLANG_WARN_ENUM_CONVERSION = YES;
				CLANG_WARN_INFINITE_RECURSION = YES;
				CLANG_WARN_INT_CONVERSION = YES;
				CLANG_WARN_NON_LITERAL_NULL_CONVERSION = YES;
				CLANG_WARN_OBJC_IMPLICIT_RETAIN_SELF = YES;
				CLANG_WARN_OBJC_LITERAL_CONVERSION = YES;
				CLANG_WARN_OBJC_ROOT_CLASS = YES_ERROR;
				CLANG_WARN_QUOTED_INCLUDE_IN_FRAMEWORK_HEADER = YES;
				CLANG_WARN_RANGE_LOOP_ANALYSIS = YES;
				CLANG_WARN_STRICT_PROTOTYPES = YES;
				CLANG_WARN_SUSPICIOUS_MOVE = YES;
				CLANG_WARN_UNGUARDED_AVAILABILITY = YES_AGGRESSIVE;
				CLANG_WARN_UNREACHABLE_CODE = YES;
				CLANG_WARN__DUPLICATE_METHOD_MATCH = YES;
				COPY_PHASE_STRIP = NO;
				DEBUG_INFORMATION_FORMAT = "dwarf-with-dsym";
				ENABLE_NS_ASSERTIONS = NO;
				ENABLE_STRICT_OBJC_MSGSEND = YES;
				ENABLE_USER_SCRIPT_SANDBOXING = YES;
				GCC_C_LANGUAGE_STANDARD = gnu17;
				GCC_NO_COMMON_BLOCKS = YES;
				GCC_WARN_64_TO_32_BIT_CONVERSION = YES;
				GCC_WARN_ABOUT_RETURN_TYPE = YES_ERROR;
				GCC_WARN_UNDECLARED_SELECTOR = YES;
				GCC_WARN_UNINITIALIZED_AUTOS = YES_AGGRESSIVE;
				GCC_WARN_UNUSED_FUNCTION = YES;
				GCC_WARN_UNUSED_VARIABLE = YES;
				IPHONEOS_DEPLOYMENT_TARGET = 17.0;
				LOCALIZATION_PREFERS_STRING_CATALOGS = YES;
				MTL_ENABLE_DEBUG_INFO = NO;
				MTL_FAST_MATH = YES;
				SDKROOT = iphoneos;
				SWIFT_COMPILATION_MODE = wholemodule;
				VALIDATE_PRODUCT = YES;
			};
			name = Release;
		};
		5CE224C22B1DED5B00B7A4D2 /* Debug */ = {
			isa = XCBuildConfiguration;
			baseConfigurationReference = BBA861956F5451D12E04338C /* Pods-Hamroh.debug.xcconfig */;
			buildSettings = {
				ASSETCATALOG_COMPILER_APPICON_NAME = AppIcon;
				ASSETCATALOG_COMPILER_GLOBAL_ACCENT_COLOR_NAME = AccentColor;
				CODE_SIGN_STYLE = Automatic;
				CURRENT_PROJECT_VERSION = 1;
				DEVELOPMENT_TEAM = W4G8RWL3P3;
				GENERATE_INFOPLIST_FILE = YES;
				INFOPLIST_FILE = Hamroh/Info.plist;
				INFOPLIST_KEY_CFBundleDisplayName = Hamroh;
				INFOPLIST_KEY_UIApplicationSupportsIndirectInputEvents = YES;
				INFOPLIST_KEY_UILaunchStoryboardName = LaunchScreen.storyboard;
				INFOPLIST_KEY_UISupportedInterfaceOrientations = UIInterfaceOrientationPortrait;
				IPHONEOS_DEPLOYMENT_TARGET = 15.0;
				LD_RUNPATH_SEARCH_PATHS = (
					"$(inherited)",
					"@executable_path/Frameworks",
				);
				MARKETING_VERSION = 1.0;
				PRODUCT_BUNDLE_IDENTIFIER = ru.parcode.Hamroh;
				PRODUCT_NAME = "$(TARGET_NAME)";
				SWIFT_EMIT_LOC_STRINGS = YES;
				SWIFT_VERSION = 5.0;
				TARGETED_DEVICE_FAMILY = "1,2";
			};
			name = Debug;
		};
		5CE224C32B1DED5B00B7A4D2 /* Release */ = {
			isa = XCBuildConfiguration;
			baseConfigurationReference = E5C1B38F439618CE00ACC62E /* Pods-Hamroh.release.xcconfig */;
			buildSettings = {
				ASSETCATALOG_COMPILER_APPICON_NAME = AppIcon;
				ASSETCATALOG_COMPILER_GLOBAL_ACCENT_COLOR_NAME = AccentColor;
				CODE_SIGN_STYLE = Automatic;
				CURRENT_PROJECT_VERSION = 1;
				DEVELOPMENT_TEAM = W4G8RWL3P3;
				GENERATE_INFOPLIST_FILE = YES;
				INFOPLIST_FILE = Hamroh/Info.plist;
				INFOPLIST_KEY_CFBundleDisplayName = Hamroh;
				INFOPLIST_KEY_UIApplicationSupportsIndirectInputEvents = YES;
				INFOPLIST_KEY_UILaunchStoryboardName = LaunchScreen.storyboard;
				INFOPLIST_KEY_UISupportedInterfaceOrientations = UIInterfaceOrientationPortrait;
				IPHONEOS_DEPLOYMENT_TARGET = 15.0;
				LD_RUNPATH_SEARCH_PATHS = (
					"$(inherited)",
					"@executable_path/Frameworks",
				);
				MARKETING_VERSION = 1.0;
				PRODUCT_BUNDLE_IDENTIFIER = ru.parcode.Hamroh;
				PRODUCT_NAME = "$(TARGET_NAME)";
				SWIFT_EMIT_LOC_STRINGS = YES;
				SWIFT_VERSION = 5.0;
				TARGETED_DEVICE_FAMILY = "1,2";
			};
			name = Release;
		};
/* End XCBuildConfiguration section */

/* Begin XCConfigurationList section */
		5CE224A82B1DED5A00B7A4D2 /* Build configuration list for PBXProject "Hamroh" */ = {
			isa = XCConfigurationList;
			buildConfigurations = (
				5CE224BF2B1DED5B00B7A4D2 /* Debug */,
				5CE224C02B1DED5B00B7A4D2 /* Release */,
			);
			defaultConfigurationIsVisible = 0;
			defaultConfigurationName = Release;
		};
		5CE224C12B1DED5B00B7A4D2 /* Build configuration list for PBXNativeTarget "Hamroh" */ = {
			isa = XCConfigurationList;
			buildConfigurations = (
				5CE224C22B1DED5B00B7A4D2 /* Debug */,
				5CE224C32B1DED5B00B7A4D2 /* Release */,
			);
			defaultConfigurationIsVisible = 0;
			defaultConfigurationName = Release;
		};
/* End XCConfigurationList section */
	};
	rootObject = 5CE224A52B1DED5A00B7A4D2 /* Project object */;
}
